
Microsoft Visual Studio Solution File, Format Version 12.00
# Visual Studio Version 16
VisualStudioVersion = 16.0.29230.47
MinimumVisualStudioVersion = 10.0.40219.1
Project("{8BC9CEB8-8B4A-11D0-8D11-00A0C91BC942}") = "CLASE 1", "CLASE 1.vcxproj", "{5FF24169-5A8D-424D-8C9E-511A76B4190B}"
EndProject
Global
	GlobalSection(SolutionConfigurationPlatforms) = preSolution
		Debug|x64 = Debug|x64
		Debug|x86 = Debug|x86
		Release|x64 = Release|x64
		Release|x86 = Release|x86
	EndGlobalSection
	GlobalSection(ProjectConfigurationPlatforms) = postSolution
		{5FF24169-5A8D-424D-8C9E-511A76B4190B}.Debug|x64.ActiveCfg = Debug|x64
		{5FF24169-5A8D-424D-8C9E-511A76B4190B}.Debug|x64.Build.0 = Debug|x64
		{5FF24169-5A8D-424D-8C9E-511A76B4190B}.Debug|x86.ActiveCfg = Debug|Win32
		{5FF24169-5A8D-424D-8C9E-511A76B4190B}.Debug|x86.Build.0 = Debug|Win32
		{5FF24169-5A8D-424D-8C9E-511A76B4190B}.Release|x64.ActiveCfg = Release|x64
		{5FF24169-5A8D-424D-8C9E-511A76B4190B}.Release|x64.Build.0 = Release|x64
		{5FF24169-5A8D-424D-8C9E-511A76B4190B}.Release|x86.ActiveCfg = Release|Win32
		{5FF24169-5A8D-424D-8C9E-511A76B4190B}.Release|x86.Build.0 = Release|Win32
	EndGlobalSection
	GlobalSection(SolutionProperties) = preSolution
		HideSolutionNode = FALSE
	EndGlobalSection
	GlobalSection(ExtensibilityGlobals) = postSolution
		SolutionGuid = {D26C76CA-E8D4-457C-BFC8-31BE446499FB}
	EndGlobalSection
EndGlobal
