
Microsoft Visual Studio Solution File, Format Version 12.00
# Visual Studio Version 16
VisualStudioVersion = 16.0.29230.47
MinimumVisualStudioVersion = 10.0.40219.1
Project("{8BC9CEB8-8B4A-11D0-8D11-00A0C91BC942}") = "ConsoleApplication2", "ConsoleApplication2.vcxproj", "{A1BB1492-2D30-4E79-86C4-DF8091B8534F}"
EndProject
Global
	GlobalSection(SolutionConfigurationPlatforms) = preSolution
		Debug|x64 = Debug|x64
		Debug|x86 = Debug|x86
		Release|x64 = Release|x64
		Release|x86 = Release|x86
	EndGlobalSection
	GlobalSection(ProjectConfigurationPlatforms) = postSolution
		{A1BB1492-2D30-4E79-86C4-DF8091B8534F}.Debug|x64.ActiveCfg = Debug|x64
		{A1BB1492-2D30-4E79-86C4-DF8091B8534F}.Debug|x64.Build.0 = Debug|x64
		{A1BB1492-2D30-4E79-86C4-DF8091B8534F}.Debug|x86.ActiveCfg = Debug|Win32
		{A1BB1492-2D30-4E79-86C4-DF8091B8534F}.Debug|x86.Build.0 = Debug|Win32
		{A1BB1492-2D30-4E79-86C4-DF8091B8534F}.Release|x64.ActiveCfg = Release|x64
		{A1BB1492-2D30-4E79-86C4-DF8091B8534F}.Release|x64.Build.0 = Release|x64
		{A1BB1492-2D30-4E79-86C4-DF8091B8534F}.Release|x86.ActiveCfg = Release|Win32
		{A1BB1492-2D30-4E79-86C4-DF8091B8534F}.Release|x86.Build.0 = Release|Win32
	EndGlobalSection
	GlobalSection(SolutionProperties) = preSolution
		HideSolutionNode = FALSE
	EndGlobalSection
	GlobalSection(ExtensibilityGlobals) = postSolution
		SolutionGuid = {9F0E25F7-02C5-4C12-B69D-D44F25E701C7}
	EndGlobalSection
EndGlobal
